
Microsoft Visual Studio Solution File, Format Version 12.00
# Visual Studio Version 17
VisualStudioVersion = 17.14.36109.1 d17.14
MinimumVisualStudioVersion = 10.0.40219.1
Project("{FAE04EC0-301F-11D3-BF4B-00C04F79EFBC}") = "ProductService", "ProductService\ProductService.csproj", "{1155C5EB-E47D-4947-9EC5-388E2BB2FDC2}"
EndProject
Project("{FAE04EC0-301F-11D3-BF4B-00C04F79EFBC}") = "OrderService", "OrderService\OrderService.csproj", "{0C103CBE-DBCA-4A6D-A136-E597F47824B5}"
EndProject
Project("{FAE04EC0-301F-11D3-BF4B-00C04F79EFBC}") = "sluze", "sluze\sluze.csproj", "{E3DA8B24-8A37-4EA1-B992-D42DB9C5D24C}"
EndProject
Project("{E53339B2-1760-4266-BCC7-CA923CBCF16C}") = "docker-compose", "docker-compose.dcproj", "{81DDED9D-158B-E303-5F62-77A2896D2A5A}"
EndProject
Global
	GlobalSection(SolutionConfigurationPlatforms) = preSolution
		Debug|Any CPU = Debug|Any CPU
		Release|Any CPU = Release|Any CPU
	EndGlobalSection
	GlobalSection(ProjectConfigurationPlatforms) = postSolution
		{1155C5EB-E47D-4947-9EC5-388E2BB2FDC2}.Debug|Any CPU.ActiveCfg = Debug|Any CPU
		{1155C5EB-E47D-4947-9EC5-388E2BB2FDC2}.Debug|Any CPU.Build.0 = Debug|Any CPU
		{1155C5EB-E47D-4947-9EC5-388E2BB2FDC2}.Release|Any CPU.ActiveCfg = Release|Any CPU
		{1155C5EB-E47D-4947-9EC5-388E2BB2FDC2}.Release|Any CPU.Build.0 = Release|Any CPU
		{0C103CBE-DBCA-4A6D-A136-E597F47824B5}.Debug|Any CPU.ActiveCfg = Debug|Any CPU
		{0C103CBE-DBCA-4A6D-A136-E597F47824B5}.Debug|Any CPU.Build.0 = Debug|Any CPU
		{0C103CBE-DBCA-4A6D-A136-E597F47824B5}.Release|Any CPU.ActiveCfg = Release|Any CPU
		{0C103CBE-DBCA-4A6D-A136-E597F47824B5}.Release|Any CPU.Build.0 = Release|Any CPU
		{E3DA8B24-8A37-4EA1-B992-D42DB9C5D24C}.Debug|Any CPU.ActiveCfg = Debug|Any CPU
		{E3DA8B24-8A37-4EA1-B992-D42DB9C5D24C}.Debug|Any CPU.Build.0 = Debug|Any CPU
		{E3DA8B24-8A37-4EA1-B992-D42DB9C5D24C}.Release|Any CPU.ActiveCfg = Release|Any CPU
		{E3DA8B24-8A37-4EA1-B992-D42DB9C5D24C}.Release|Any CPU.Build.0 = Release|Any CPU
		{81DDED9D-158B-E303-5F62-77A2896D2A5A}.Debug|Any CPU.ActiveCfg = Debug|Any CPU
		{81DDED9D-158B-E303-5F62-77A2896D2A5A}.Debug|Any CPU.Build.0 = Debug|Any CPU
		{81DDED9D-158B-E303-5F62-77A2896D2A5A}.Release|Any CPU.ActiveCfg = Release|Any CPU
		{81DDED9D-158B-E303-5F62-77A2896D2A5A}.Release|Any CPU.Build.0 = Release|Any CPU
	EndGlobalSection
	GlobalSection(SolutionProperties) = preSolution
		HideSolutionNode = FALSE
	EndGlobalSection
	GlobalSection(ExtensibilityGlobals) = postSolution
		SolutionGuid = {724F3EDB-F0A2-4F12-89F8-ACBCBEF7C875}
	EndGlobalSection
EndGlobal
